
Microsoft Visual Studio Solution File, Format Version 12.00
# Visual Studio 15
VisualStudioVersion = 15.0.28307.329
MinimumVisualStudioVersion = 10.0.40219.1
Project("{FAE04EC0-301F-11D3-BF4B-00C04F79EFBC}") = "WebValidation", "WebValidation\WebValidation.csproj", "{30475B4E-F992-4333-A5D9-F86A9053E85E}"
EndProject
Global
	GlobalSection(SolutionConfigurationPlatforms) = preSolution
		Debug|Any CPU = Debug|Any CPU
		Release|Any CPU = Release|Any CPU
	EndGlobalSection
	GlobalSection(ProjectConfigurationPlatforms) = postSolution
		{30475B4E-F992-4333-A5D9-F86A9053E85E}.Debug|Any CPU.ActiveCfg = Debug|Any CPU
		{30475B4E-F992-4333-A5D9-F86A9053E85E}.Debug|Any CPU.Build.0 = Debug|Any CPU
		{30475B4E-F992-4333-A5D9-F86A9053E85E}.Release|Any CPU.ActiveCfg = Release|Any CPU
		{30475B4E-F992-4333-A5D9-F86A9053E85E}.Release|Any CPU.Build.0 = Release|Any CPU
	EndGlobalSection
	GlobalSection(SolutionProperties) = preSolution
		HideSolutionNode = FALSE
	EndGlobalSection
	GlobalSection(ExtensibilityGlobals) = postSolution
		SolutionGuid = {F07C123E-6788-4802-80A9-23B235A06F3D}
	EndGlobalSection
EndGlobal
